
Microsoft Visual Studio Solution File, Format Version 12.00
# Visual Studio Version 16
VisualStudioVersion = 16.0.29009.5
MinimumVisualStudioVersion = 10.0.40219.1
Project("{FAE04EC0-301F-11D3-BF4B-00C04F79EFBC}") = "W3MVCSERVICE", "W3MVCSERVICE\W3MVCSERVICE.csproj", "{235D9DD0-1B5F-4332-B755-2902643A6432}"
EndProject
Global
	GlobalSection(SolutionConfigurationPlatforms) = preSolution
		Debug|Any CPU = Debug|Any CPU
		Release|Any CPU = Release|Any CPU
	EndGlobalSection
	GlobalSection(ProjectConfigurationPlatforms) = postSolution
		{235D9DD0-1B5F-4332-B755-2902643A6432}.Debug|Any CPU.ActiveCfg = Debug|Any CPU
		{235D9DD0-1B5F-4332-B755-2902643A6432}.Debug|Any CPU.Build.0 = Debug|Any CPU
		{235D9DD0-1B5F-4332-B755-2902643A6432}.Release|Any CPU.ActiveCfg = Release|Any CPU
		{235D9DD0-1B5F-4332-B755-2902643A6432}.Release|Any CPU.Build.0 = Release|Any CPU
	EndGlobalSection
	GlobalSection(SolutionProperties) = preSolution
		HideSolutionNode = FALSE
	EndGlobalSection
	GlobalSection(ExtensibilityGlobals) = postSolution
		SolutionGuid = {0FCAFB37-686C-4CA2-B6CD-6D52EE920007}
	EndGlobalSection
EndGlobal
